# This file is autogenerated, do not edit; changes may be undone by the next 'dep ensure'.


[[projects]]
  name = "github.com/agext/levenshtein"
  packages = ["."]
  revision = "5f10fee965225ac1eecdc234c09daf5cd9e7f7b6"
  version = "v1.2.1"

[[projects]]
  name = "github.com/agl/ed25519"
  packages = [".","edwards25519"]
  revision = "278e1ec8e8a6e017cd07577924d6766039146ced"

[[projects]]
  name = "github.com/apparentlymart/go-cidr"
  packages = ["cidr"]
  revision = "7e4b007599d4e2076d9a81be723b3912852dda2c"

[[projects]]
  branch = "master"
  name = "github.com/apparentlymart/go-textseg"
  packages = ["textseg"]
  revision = "b836f5c4d331d1945a2fead7188db25432d73b69"

[[projects]]
  branch = "master"
  name = "github.com/armon/go-radix"
  packages = ["."]
  revision = "1fca145dffbcaa8fe914309b1ec0cfc67500fe61"

[[projects]]
  name = "github.com/aws/aws-sdk-go"
  packages = ["aws","aws/arn","aws/awserr","aws/awsutil","aws/client","aws/client/metadata","aws/corehandlers","aws/credentials","aws/credentials/ec2rolecreds","aws/credentials/endpointcreds","aws/credentials/stscreds","aws/defaults","aws/ec2metadata","aws/endpoints","aws/request","aws/session","aws/signer/v4","internal/shareddefaults","private/protocol","private/protocol/ec2query","private/protocol/json/jsonutil","private/protocol/jsonrpc","private/protocol/query","private/protocol/query/queryutil","private/protocol/rest","private/protocol/restjson","private/protocol/restxml","private/protocol/xml/xmlutil","private/signer/v2","service/acm","service/apigateway","service/applicationautoscaling","service/athena","service/autoscaling","service/batch","service/cloudformation","service/cloudfront","service/cloudtrail","service/cloudwatch","service/cloudwatchevents","service/cloudwatchlogs","service/codebuild","service/codecommit","service/codedeploy","service/codepipeline","service/cognitoidentity","service/cognitoidentityprovider","service/configservice","service/databasemigrationservice","service/devicefarm","service/directconnect","service/directoryservice","service/dynamodb","service/ec2","service/ecr","service/ecs","service/efs","service/elasticache","service/elasticbeanstalk","service/elasticsearchservice","service/elastictranscoder","service/elb","service/elbv2","service/emr","service/firehose","service/glacier","service/iam","service/inspector","service/iot","service/kinesis","service/kms","service/lambda","service/lightsail","service/opsworks","service/rds","service/redshift","service/route53","service/s3","service/servicecatalog","service/ses","service/sfn","service/simpledb","service/sns","service/sqs","service/ssm","service/sts","service/waf","service/wafregional"]
  revision = "12a4975283c52e2fa88b0ae22882f83cf048eeb4"
  version = "v1.12.27"

[[projects]]
  branch = "master"
  name = "github.com/bgentry/go-netrc"
  packages = ["netrc"]
  revision = "9fd32a8b3d3d3f9d43c341bfe098430e07609480"

[[projects]]
  name = "github.com/bgentry/speakeasy"
  packages = ["."]
  revision = "4aabc24848ce5fd31929f7d1e4ea74d3709c14cd"
  version = "v0.1.0"

[[projects]]
  name = "github.com/blang/semver"
  packages = ["."]
  revision = "2ee87856327ba09384cabd113bc6b5d174e9ec0f"
  version = "v3.5.1"

[[projects]]
  name = "github.com/davecgh/go-spew"
  packages = ["spew"]
  revision = "346938d642f2ec3594ed81d874461961cd0faa76"

[[projects]]
  name = "github.com/go-ini/ini"
  packages = ["."]
  revision = "32e4c1e6bc4e7d0d8451aa6b75200d19e37a536a"
  version = "v1.32.0"

[[projects]]
  name = "github.com/golang/protobuf"
  packages = ["proto","ptypes","ptypes/any","ptypes/duration","ptypes/timestamp"]
  revision = "1643683e1b54a9e88ad26d98f81400c8c9d9f4f9"

[[projects]]
  name = "github.com/hashicorp/errwrap"
  packages = ["."]
  revision = "7554cd9344cec97297fa6649b055a8c98c2a1e55"

[[projects]]
  name = "github.com/hashicorp/go-cleanhttp"
  packages = ["."]
  revision = "3573b8b52aa7b37b9358d966a898feb387f62437"

[[projects]]
  name = "github.com/hashicorp/go-getter"
  packages = [".","helper/url"]
  revision = "a686900cb3753aa644dc4812be91ceaf9fdd3b98"

[[projects]]
  branch = "master"
  name = "github.com/hashicorp/go-hclog"
  packages = ["."]
  revision = "ca137eb4b4389c9bc6f1a6d887f056bf16c00510"

[[projects]]
  name = "github.com/hashicorp/go-multierror"
  packages = ["."]
  revision = "d30f09973e19c1dfcd120b2d9c4f168e68d6b5d5"

[[projects]]
  name = "github.com/hashicorp/go-plugin"
  packages = ["."]
  revision = "a5174f84d7f8ff00fb07ab4ef1f380d32eee0e63"

[[projects]]
  name = "github.com/hashicorp/go-uuid"
  packages = ["."]
  revision = "36289988d83ca270bc07c234c36f364b0dd9c9a7"

[[projects]]
  name = "github.com/hashicorp/go-version"
  packages = ["."]
  revision = "e96d3840402619007766590ecea8dd7af1292276"

[[projects]]
  name = "github.com/hashicorp/hcl"
  packages = [".","hcl/ast","hcl/parser","hcl/scanner","hcl/strconv","hcl/token","json/parser","json/scanner","json/token"]
  revision = "a4b07c25de5ff55ad3b8936cea69a79a3d95a855"

[[projects]]
  branch = "master"
  name = "github.com/hashicorp/hcl2"
  packages = ["gohcl","hcl","hcl/hclsyntax","hcl/json","hcldec","hclparse"]
  revision = "44bad6dbf5490f5da17ec991e664df3d017b706f"

[[projects]]
  name = "github.com/hashicorp/hil"
  packages = [".","ast","parser","scanner"]
  revision = "fac2259da677551de1fb92b844c4d020a38d8468"

[[projects]]
  branch = "master"
  name = "github.com/hashicorp/logutils"
  packages = ["."]
  revision = "0dc08b1671f34c4250ce212759ebd880f743d883"

[[projects]]
  name = "github.com/hashicorp/terraform"
  packages = ["config","config/configschema","config/hcl2shim","config/module","dag","flatmap","helper/acctest","helper/config","helper/encryption","helper/hashcode","helper/hilmapstructure","helper/logging","helper/mutexkv","helper/pathorcontents","helper/resource","helper/schema","helper/structure","helper/validation","moduledeps","plugin","plugin/discovery","registry/regsrc","registry/response","svchost","svchost/auth","svchost/disco","terraform","tfdiags","version"]
  revision = "23caaf9feb50d566329f5b4aa07a57da8cd6f448"
  version = "v0.11.0-beta1"

[[projects]]
  name = "github.com/hashicorp/vault"
  packages = ["helper/compressutil","helper/jsonutil","helper/pgpkeys"]
  revision = "9a60bf2a50e4dd1ba4b929a3ccf8072435cbdd0a"

[[projects]]
  name = "github.com/hashicorp/yamux"
  packages = ["."]
  revision = "d1caa6c97c9fc1cc9e83bbe34d0603f9ff0ce8bd"

[[projects]]
  name = "github.com/jen20/awspolicyequivalence"
  packages = ["."]
  revision = "3d48364a137a7847c1191b83740052dc7695878e"

[[projects]]
  name = "github.com/jmespath/go-jmespath"
  packages = ["."]
  revision = "0b12d6b5"

[[projects]]
  name = "github.com/keybase/go-crypto"
  packages = ["brainpool","cast5","openpgp","openpgp/armor","openpgp/elgamal","openpgp/errors","openpgp/packet","openpgp/s2k","rsa"]
  revision = "93f5b35093ba15e0f86e412cc5c767d5c10c15fd"

[[projects]]
  name = "github.com/mattn/go-isatty"
  packages = ["."]
  revision = "fc9e8d8ef48496124e79ae0df75490096eccf6fe"
  version = "v0.0.2"

[[projects]]
  name = "github.com/mitchellh/cli"
  packages = ["."]
  revision = "8a539dbef410aa4191e0bcc7a6246c104b313009"

[[projects]]
  name = "github.com/mitchellh/copystructure"
  packages = ["."]
  revision = "5af94aef99f597e6a9e1f6ac6be6ce0f3c96b49d"

[[projects]]
  name = "github.com/mitchellh/go-homedir"
  packages = ["."]
  revision = "b8bc1bf767474819792c23f32d8286a45736f1c6"

[[projects]]
  branch = "master"
  name = "github.com/mitchellh/go-testing-interface"
  packages = ["."]
  revision = "a61a99592b77c9ba629d254a693acffaeb4b7e28"

[[projects]]
  branch = "master"
  name = "github.com/mitchellh/go-wordwrap"
  packages = ["."]
  revision = "ad45545899c7b13c020ea92b2072220eefad42b8"

[[projects]]
  name = "github.com/mitchellh/hashstructure"
  packages = ["."]
  revision = "6b17d669fac5e2f71c16658d781ec3fdd3802b69"

[[projects]]
  name = "github.com/mitchellh/mapstructure"
  packages = ["."]
  revision = "53818660ed4955e899c0bcafa97299a388bd7c8e"

[[projects]]
  name = "github.com/mitchellh/reflectwalk"
  packages = ["."]
  revision = "92573fe8d000a145bfebc03a16bc22b34945867f"

[[projects]]
  name = "github.com/posener/complete"
  packages = [".","cmd","cmd/install","match"]
  revision = "f4461a52b6329c11190f11fe3384ec8aa964e21c"

[[projects]]
  name = "github.com/satori/go.uuid"
  packages = ["."]
  revision = "b061729afc07e77a8aa4fad0a2fd840958f1942a"

[[projects]]
  name = "github.com/satori/uuid"
  packages = ["."]
  revision = "b061729afc07e77a8aa4fad0a2fd840958f1942a"

[[projects]]
  name = "github.com/terraform-providers/terraform-provider-aws"
  packages = ["aws"]
  revision = "0788318d02a308ed6a437a5868ed93603d28e261"
  version = "v1.3.1"

[[projects]]
  name = "github.com/terraform-providers/terraform-provider-template"
  packages = ["template"]
  revision = "38db8c17785b8a21666fe6c784682186f0c172ed"
  version = "v0.1.1"

[[projects]]
  name = "github.com/terraform-providers/terraform-provider-tls"
  packages = ["tls"]
  revision = "ce653893fc49a0459f8f8e7f59295d5c81d5f1ef"
  version = "v0.1.0"

[[projects]]
  name = "github.com/ulikunitz/xz"
  packages = [".","internal/hash","internal/xlog","lzma"]
  revision = "0c6b41e72360850ca4f98dc341fd999726ea007f"
  version = "v0.5.4"

[[projects]]
  branch = "master"
  name = "github.com/zclconf/go-cty"
  packages = ["cty","cty/convert","cty/function","cty/function/stdlib","cty/gocty","cty/json","cty/set"]
  revision = "8bf222d6d03b7b336d013978f3acbfd877da428f"

[[projects]]
  name = "golang.org/x/crypto"
  packages = ["bcrypt","blowfish","cast5","curve25519","ed25519","ed25519/internal/edwards25519","openpgp","openpgp/armor","openpgp/elgamal","openpgp/errors","openpgp/packet","openpgp/s2k","ssh"]
  revision = "9477e0b78b9ac3d0b03822fd95422e2fe07627cd"

[[projects]]
  name = "golang.org/x/net"
  packages = ["context","html","html/atom","http2","http2/hpack","idna","internal/timeseries","lex/httplex","trace"]
  revision = "4b14673ba32bee7f5ac0f990a48f033919fd418b"

[[projects]]
  name = "golang.org/x/sys"
  packages = ["unix"]
  revision = "d8f5ea21b9295e315e612b4bcf4bedea93454d4d"

[[projects]]
  name = "golang.org/x/text"
  packages = ["collate","collate/build","internal/colltab","internal/gen","internal/tag","internal/triegen","internal/ucd","language","secure/bidirule","transform","unicode/bidi","unicode/cldr","unicode/norm","unicode/rangetable"]
  revision = "6eab0e8f74e86c598ec3b6fad4888e0c11482d48"

[[projects]]
  name = "google.golang.org/genproto"
  packages = ["googleapis/rpc/status"]
  revision = "11c7f9e547da6db876260ce49ea7536985904c9b"

[[projects]]
  name = "google.golang.org/grpc"
  packages = [".","balancer","balancer/roundrobin","codes","connectivity","credentials","grpclb/grpc_lb_v1/messages","grpclog","health","health/grpc_health_v1","internal","keepalive","metadata","naming","peer","resolver","resolver/dns","resolver/passthrough","stats","status","tap","transport"]
  revision = "b5eab4ccac6df282ff981436a5a87554d7377c75"

[[projects]]
  name = "gopkg.in/yaml.v2"
  packages = ["."]
  revision = "cd8b52f8269e0feb286dfeef29f8fe4d5b397e0b"

[solve-meta]
  analyzer-name = "dep"
  analyzer-version = 1
  inputs-digest = "70e77dbc1aaaa0671cc1f55cc8f38278cd2f6ab5f18c6675eb81ff3c1316c383"
  solver-name = "gps-cdcl"
  solver-version = 1
